
Microsoft Visual Studio Solution File, Format Version 12.00
# Visual Studio 15
VisualStudioVersion = 15.0.27703.2047
MinimumVisualStudioVersion = 10.0.40219.1
Project("{FAE04EC0-301F-11D3-BF4B-00C04F79EFBC}") = "Teste", "Teste\Teste.csproj", "{85DB2F19-6FF4-431D-B4FD-8356DB4D860A}"
EndProject
Global
	GlobalSection(SolutionConfigurationPlatforms) = preSolution
		Debug|Any CPU = Debug|Any CPU
		Release|Any CPU = Release|Any CPU
	EndGlobalSection
	GlobalSection(ProjectConfigurationPlatforms) = postSolution
		{85DB2F19-6FF4-431D-B4FD-8356DB4D860A}.Debug|Any CPU.ActiveCfg = Debug|Any CPU
		{85DB2F19-6FF4-431D-B4FD-8356DB4D860A}.Debug|Any CPU.Build.0 = Debug|Any CPU
		{85DB2F19-6FF4-431D-B4FD-8356DB4D860A}.Release|Any CPU.ActiveCfg = Release|Any CPU
		{85DB2F19-6FF4-431D-B4FD-8356DB4D860A}.Release|Any CPU.Build.0 = Release|Any CPU
	EndGlobalSection
	GlobalSection(SolutionProperties) = preSolution
		HideSolutionNode = FALSE
	EndGlobalSection
	GlobalSection(ExtensibilityGlobals) = postSolution
		SolutionGuid = {F586E59D-08AE-4672-A437-3FB5E79D77CF}
	EndGlobalSection
EndGlobal
